// !$*UTF8*$!
{
	archiveVersion = 1;
	classes = {
	};
	objectVersion = 50;
	objects = {

/* Begin PBXBuildFile section */
		5420C03E23D7826F00AA7F31 /* WeatherObject.swift in Sources */ = {isa = PBXBuildFile; fileRef = 5420C03D23D7826F00AA7F31 /* WeatherObject.swift */; };
		5420C04023D8BE2100AA7F31 /* UWUSECRETS.swift in Sources */ = {isa = PBXBuildFile; fileRef = 5420C03F23D8BE2100AA7F31 /* UWUSECRETS.swift */; };
		5439C7BC230DDBF00048FC47 /* AppDelegate.swift in Sources */ = {isa = PBXBuildFile; fileRef = 5439C7BB230DDBF00048FC47 /* AppDelegate.swift */; };
		5439C7BE230DDBF00048FC47 /* ViewController.swift in Sources */ = {isa = PBXBuildFile; fileRef = 5439C7BD230DDBF00048FC47 /* ViewController.swift */; };
		5439C7C3230DDBF20048FC47 /* Assets.xcassets in Resources */ = {isa = PBXBuildFile; fileRef = 5439C7C2230DDBF20048FC47 /* Assets.xcassets */; };
		5439C7C6230DDBF20048FC47 /* LaunchScreen.storyboard in Resources */ = {isa = PBXBuildFile; fileRef = 5439C7C4230DDBF20048FC47 /* LaunchScreen.storyboard */; };
		5439C7D1230DDBF20048FC47 /* UwUeatherTests.swift in Sources */ = {isa = PBXBuildFile; fileRef = 5439C7D0230DDBF20048FC47 /* UwUeatherTests.swift */; };
		5439C7DC230DDBF20048FC47 /* UwUeatherUITests.swift in Sources */ = {isa = PBXBuildFile; fileRef = 5439C7DB230DDBF20048FC47 /* UwUeatherUITests.swift */; };
		5450E139236A0560009CB5E6 /* InitialViewController.swift in Sources */ = {isa = PBXBuildFile; fileRef = 5450E138236A0560009CB5E6 /* InitialViewController.swift */; };
		5450E13B236A057C009CB5E6 /* InitialViewControllerSB.storyboard in Resources */ = {isa = PBXBuildFile; fileRef = 5450E13A236A057C009CB5E6 /* InitialViewControllerSB.storyboard */; };
		54A620B1236CCC8E00281C42 /* WeatherFactory.swift in Sources */ = {isa = PBXBuildFile; fileRef = 54A620B0236CCC8E00281C42 /* WeatherFactory.swift */; };
		54C15C71236C881C00DA5B63 /* LocationManager.swift in Sources */ = {isa = PBXBuildFile; fileRef = 54C15C70236C881C00DA5B63 /* LocationManager.swift */; };
/* End PBXBuildFile section */

/* Begin PBXContainerItemProxy section */
		5439C7CD230DDBF20048FC47 /* PBXContainerItemProxy */ = {
			isa = PBXContainerItemProxy;
			containerPortal = 5439C7B0230DDBF00048FC47 /* Project object */;
			proxyType = 1;
			remoteGlobalIDString = 5439C7B7230DDBF00048FC47;
			remoteInfo = UwUeather;
		};
		5439C7D8230DDBF20048FC47 /* PBXContainerItemProxy */ = {
			isa = PBXContainerItemProxy;
			containerPortal = 5439C7B0230DDBF00048FC47 /* Project object */;
			proxyType = 1;
			remoteGlobalIDString = 5439C7B7230DDBF00048FC47;
			remoteInfo = UwUeather;
		};
/* End PBXContainerItemProxy section */

/* Begin PBXFileReference section */
		5420C03D23D7826F00AA7F31 /* WeatherObject.swift */ = {isa = PBXFileReference; lastKnownFileType = sourcecode.swift; path = WeatherObject.swift; sourceTree = "<group>"; };
		5420C03F23D8BE2100AA7F31 /* UWUSECRETS.swift */ = {isa = PBXFileReference; lastKnownFileType = sourcecode.swift; path = UWUSECRETS.swift; sourceTree = "<group>"; };
		5439C7B8230DDBF00048FC47 /* UwUeather.app */ = {isa = PBXFileReference; explicitFileType = wrapper.application; includeInIndex = 0; path = UwUeather.app; sourceTree = BUILT_PRODUCTS_DIR; };
		5439C7BB230DDBF00048FC47 /* AppDelegate.swift */ = {isa = PBXFileReference; lastKnownFileType = sourcecode.swift; path = AppDelegate.swift; sourceTree = "<group>"; };
		5439C7BD230DDBF00048FC47 /* ViewController.swift */ = {isa = PBXFileReference; lastKnownFileType = sourcecode.swift; path = ViewController.swift; sourceTree = "<group>"; };
		5439C7C2230DDBF20048FC47 /* Assets.xcassets */ = {isa = PBXFileReference; lastKnownFileType = folder.assetcatalog; path = Assets.xcassets; sourceTree = "<group>"; };
		5439C7C5230DDBF20048FC47 /* Base */ = {isa = PBXFileReference; lastKnownFileType = file.storyboard; name = Base; path = Base.lproj/LaunchScreen.storyboard; sourceTree = "<group>"; };
		5439C7C7230DDBF20048FC47 /* Info.plist */ = {isa = PBXFileReference; lastKnownFileType = text.plist.xml; path = Info.plist; sourceTree = "<group>"; };
		5439C7CC230DDBF20048FC47 /* UwUeatherTests.xctest */ = {isa = PBXFileReference; explicitFileType = wrapper.cfbundle; includeInIndex = 0; path = UwUeatherTests.xctest; sourceTree = BUILT_PRODUCTS_DIR; };
		5439C7D0230DDBF20048FC47 /* UwUeatherTests.swift */ = {isa = PBXFileReference; lastKnownFileType = sourcecode.swift; path = UwUeatherTests.swift; sourceTree = "<group>"; };
		5439C7D2230DDBF20048FC47 /* Info.plist */ = {isa = PBXFileReference; lastKnownFileType = text.plist.xml; path = Info.plist; sourceTree = "<group>"; };
		5439C7D7230DDBF20048FC47 /* UwUeatherUITests.xctest */ = {isa = PBXFileReference; explicitFileType = wrapper.cfbundle; includeInIndex = 0; path = UwUeatherUITests.xctest; sourceTree = BUILT_PRODUCTS_DIR; };
		5439C7DB230DDBF20048FC47 /* UwUeatherUITests.swift */ = {isa = PBXFileReference; lastKnownFileType = sourcecode.swift; path = UwUeatherUITests.swift; sourceTree = "<group>"; };
		5439C7DD230DDBF20048FC47 /* Info.plist */ = {isa = PBXFileReference; lastKnownFileType = text.plist.xml; path = Info.plist; sourceTree = "<group>"; };
		5450E138236A0560009CB5E6 /* InitialViewController.swift */ = {isa = PBXFileReference; lastKnownFileType = sourcecode.swift; path = InitialViewController.swift; sourceTree = "<group>"; };
		5450E13A236A057C009CB5E6 /* InitialViewControllerSB.storyboard */ = {isa = PBXFileReference; lastKnownFileType = file.storyboard; path = InitialViewControllerSB.storyboard; sourceTree = "<group>"; };
		54A620B0236CCC8E00281C42 /* WeatherFactory.swift */ = {isa = PBXFileReference; lastKnownFileType = sourcecode.swift; path = WeatherFactory.swift; sourceTree = "<group>"; };
		54C15C70236C881C00DA5B63 /* LocationManager.swift */ = {isa = PBXFileReference; lastKnownFileType = sourcecode.swift; path = LocationManager.swift; sourceTree = "<group>"; };
/* End PBXFileReference section */

/* Begin PBXFrameworksBuildPhase section */
		5439C7B5230DDBF00048FC47 /* Frameworks */ = {
			isa = PBXFrameworksBuildPhase;
			buildActionMask = 2147483647;
			files = (
			);
			runOnlyForDeploymentPostprocessing = 0;
		};
		5439C7C9230DDBF20048FC47 /* Frameworks */ = {
			isa = PBXFrameworksBuildPhase;
			buildActionMask = 2147483647;
			files = (
			);
			runOnlyForDeploymentPostprocessing = 0;
		};
		5439C7D4230DDBF20048FC47 /* Frameworks */ = {
			isa = PBXFrameworksBuildPhase;
			buildActionMask = 2147483647;
			files = (
			);
			runOnlyForDeploymentPostprocessing = 0;
		};
/* End PBXFrameworksBuildPhase section */

/* Begin PBXGroup section */
		5439C7AF230DDBF00048FC47 = {
			isa = PBXGroup;
			children = (
				5420C03F23D8BE2100AA7F31 /* UWUSECRETS.swift */,
				5439C7BA230DDBF00048FC47 /* UwUeather */,
				5439C7CF230DDBF20048FC47 /* UwUeatherTests */,
				5439C7DA230DDBF20048FC47 /* UwUeatherUITests */,
				5439C7B9230DDBF00048FC47 /* Products */,
			);
			sourceTree = "<group>";
		};
		5439C7B9230DDBF00048FC47 /* Products */ = {
			isa = PBXGroup;
			children = (
				5439C7B8230DDBF00048FC47 /* UwUeather.app */,
				5439C7CC230DDBF20048FC47 /* UwUeatherTests.xctest */,
				5439C7D7230DDBF20048FC47 /* UwUeatherUITests.xctest */,
			);
			name = Products;
			sourceTree = "<group>";
		};
		5439C7BA230DDBF00048FC47 /* UwUeather */ = {
			isa = PBXGroup;
			children = (
				5439C7BB230DDBF00048FC47 /* AppDelegate.swift */,
				5439C7BD230DDBF00048FC47 /* ViewController.swift */,
				5450E138236A0560009CB5E6 /* InitialViewController.swift */,
				5450E13A236A057C009CB5E6 /* InitialViewControllerSB.storyboard */,
				5439C7C2230DDBF20048FC47 /* Assets.xcassets */,
				5439C7C4230DDBF20048FC47 /* LaunchScreen.storyboard */,
				5439C7C7230DDBF20048FC47 /* Info.plist */,
				54C15C70236C881C00DA5B63 /* LocationManager.swift */,
				54A620B0236CCC8E00281C42 /* WeatherFactory.swift */,
				5420C03D23D7826F00AA7F31 /* WeatherObject.swift */,
			);
			path = UwUeather;
			sourceTree = "<group>";
		};
		5439C7CF230DDBF20048FC47 /* UwUeatherTests */ = {
			isa = PBXGroup;
			children = (
				5439C7D0230DDBF20048FC47 /* UwUeatherTests.swift */,
				5439C7D2230DDBF20048FC47 /* Info.plist */,
			);
			path = UwUeatherTests;
			sourceTree = "<group>";
		};
		5439C7DA230DDBF20048FC47 /* UwUeatherUITests */ = {
			isa = PBXGroup;
			children = (
				5439C7DB230DDBF20048FC47 /* UwUeatherUITests.swift */,
				5439C7DD230DDBF20048FC47 /* Info.plist */,
			);
			path = UwUeatherUITests;
			sourceTree = "<group>";
		};
/* End PBXGroup section */

/* Begin PBXNativeTarget section */
		5439C7B7230DDBF00048FC47 /* UwUeather */ = {
			isa = PBXNativeTarget;
			buildConfigurationList = 5439C7E0230DDBF20048FC47 /* Build configuration list for PBXNativeTarget "UwUeather" */;
			buildPhases = (
				5439C7B4230DDBF00048FC47 /* Sources */,
				5439C7B5230DDBF00048FC47 /* Frameworks */,
				5439C7B6230DDBF00048FC47 /* Resources */,
			);
			buildRules = (
			);
			dependencies = (
			);
			name = UwUeather;
			productName = UwUeather;
			productReference = 5439C7B8230DDBF00048FC47 /* UwUeather.app */;
			productType = "com.apple.product-type.application";
		};
		5439C7CB230DDBF20048FC47 /* UwUeatherTests */ = {
			isa = PBXNativeTarget;
			buildConfigurationList = 5439C7E3230DDBF20048FC47 /* Build configuration list for PBXNativeTarget "UwUeatherTests" */;
			buildPhases = (
				5439C7C8230DDBF20048FC47 /* Sources */,
				5439C7C9230DDBF20048FC47 /* Frameworks */,
				5439C7CA230DDBF20048FC47 /* Resources */,
			);
			buildRules = (
			);
			dependencies = (
				5439C7CE230DDBF20048FC47 /* PBXTargetDependency */,
			);
			name = UwUeatherTests;
			productName = UwUeatherTests;
			productReference = 5439C7CC230DDBF20048FC47 /* UwUeatherTests.xctest */;
			productType = "com.apple.product-type.bundle.unit-test";
		};
		5439C7D6230DDBF20048FC47 /* UwUeatherUITests */ = {
			isa = PBXNativeTarget;
			buildConfigurationList = 5439C7E6230DDBF20048FC47 /* Build configuration list for PBXNativeTarget "UwUeatherUITests" */;
			buildPhases = (
				5439C7D3230DDBF20048FC47 /* Sources */,
				5439C7D4230DDBF20048FC47 /* Frameworks */,
				5439C7D5230DDBF20048FC47 /* Resources */,
			);
			buildRules = (
			);
			dependencies = (
				5439C7D9230DDBF20048FC47 /* PBXTargetDependency */,
			);
			name = UwUeatherUITests;
			productName = UwUeatherUITests;
			productReference = 5439C7D7230DDBF20048FC47 /* UwUeatherUITests.xctest */;
			productType = "com.apple.product-type.bundle.ui-testing";
		};
/* End PBXNativeTarget section */

/* Begin PBXProject section */
		5439C7B0230DDBF00048FC47 /* Project object */ = {
			isa = PBXProject;
			attributes = {
				LastSwiftUpdateCheck = 1030;
				LastUpgradeCheck = 1030;
				ORGANIZATIONNAME = "Nick Zolnoor";
				TargetAttributes = {
					5439C7B7230DDBF00048FC47 = {
						CreatedOnToolsVersion = 10.3;
					};
					5439C7CB230DDBF20048FC47 = {
						CreatedOnToolsVersion = 10.3;
						TestTargetID = 5439C7B7230DDBF00048FC47;
					};
					5439C7D6230DDBF20048FC47 = {
						CreatedOnToolsVersion = 10.3;
						TestTargetID = 5439C7B7230DDBF00048FC47;
					};
				};
			};
			buildConfigurationList = 5439C7B3230DDBF00048FC47 /* Build configuration list for PBXProject "UwUeather" */;
			compatibilityVersion = "Xcode 9.3";
			developmentRegion = en;
			hasScannedForEncodings = 0;
			knownRegions = (
				en,
				Base,
			);
			mainGroup = 5439C7AF230DDBF00048FC47;
			productRefGroup = 5439C7B9230DDBF00048FC47 /* Products */;
			projectDirPath = "";
			projectRoot = "";
			targets = (
				5439C7B7230DDBF00048FC47 /* UwUeather */,
				5439C7CB230DDBF20048FC47 /* UwUeatherTests */,
				5439C7D6230DDBF20048FC47 /* UwUeatherUITests */,
			);
		};
/* End PBXProject section */

/* Begin PBXResourcesBuildPhase section */
		5439C7B6230DDBF00048FC47 /* Resources */ = {
			isa = PBXResourcesBuildPhase;
			buildActionMask = 2147483647;
			files = (
				5439C7C6230DDBF20048FC47 /* LaunchScreen.storyboard in Resources */,
				5439C7C3230DDBF20048FC47 /* Assets.xcassets in Resources */,
				5450E13B236A057C009CB5E6 /* InitialViewControllerSB.storyboard in Resources */,
			);
			runOnlyForDeploymentPostprocessing = 0;
		};
		5439C7CA230DDBF20048FC47 /* Resources */ = {
			isa = PBXResourcesBuildPhase;
			buildActionMask = 2147483647;
			files = (
			);
			runOnlyForDeploymentPostprocessing = 0;
		};
		5439C7D5230DDBF20048FC47 /* Resources */ = {
			isa = PBXResourcesBuildPhase;
			buildActionMask = 2147483647;
			files = (
			);
			runOnlyForDeploymentPostprocessing = 0;
		};
/* End PBXResourcesBuildPhase section */

/* Begin PBXSourcesBuildPhase section */
		5439C7B4230DDBF00048FC47 /* Sources */ = {
			isa = PBXSourcesBuildPhase;
			buildActionMask = 2147483647;
			files = (
				54C15C71236C881C00DA5B63 /* LocationManager.swift in Sources */,
				5450E139236A0560009CB5E6 /* InitialViewController.swift in Sources */,
				5439C7BE230DDBF00048FC47 /* ViewController.swift in Sources */,
				5420C04023D8BE2100AA7F31 /* UWUSECRETS.swift in Sources */,
				54A620B1236CCC8E00281C42 /* WeatherFactory.swift in Sources */,
				5439C7BC230DDBF00048FC47 /* AppDelegate.swift in Sources */,
				5420C03E23D7826F00AA7F31 /* WeatherObject.swift in Sources */,
			);
			runOnlyForDeploymentPostprocessing = 0;
		};
		5439C7C8230DDBF20048FC47 /* Sources */ = {
			isa = PBXSourcesBuildPhase;
			buildActionMask = 2147483647;
			files = (
				5439C7D1230DDBF20048FC47 /* UwUeatherTests.swift in Sources */,
			);
			runOnlyForDeploymentPostprocessing = 0;
		};
		5439C7D3230DDBF20048FC47 /* Sources */ = {
			isa = PBXSourcesBuildPhase;
			buildActionMask = 2147483647;
			files = (
				5439C7DC230DDBF20048FC47 /* UwUeatherUITests.swift in Sources */,
			);
			runOnlyForDeploymentPostprocessing = 0;
		};
/* End PBXSourcesBuildPhase section */

/* Begin PBXTargetDependency section */
		5439C7CE230DDBF20048FC47 /* PBXTargetDependency */ = {
			isa = PBXTargetDependency;
			target = 5439C7B7230DDBF00048FC47 /* UwUeather */;
			targetProxy = 5439C7CD230DDBF20048FC47 /* PBXContainerItemProxy */;
		};
		5439C7D9230DDBF20048FC47 /* PBXTargetDependency */ = {
			isa = PBXTargetDependency;
			target = 5439C7B7230DDBF00048FC47 /* UwUeather */;
			targetProxy = 5439C7D8230DDBF20048FC47 /* PBXContainerItemProxy */;
		};
/* End PBXTargetDependency section */

/* Begin PBXVariantGroup section */
		5439C7C4230DDBF20048FC47 /* LaunchScreen.storyboard */ = {
			isa = PBXVariantGroup;
			children = (
				5439C7C5230DDBF20048FC47 /* Base */,
			);
			name = LaunchScreen.storyboard;
			sourceTree = "<group>";
		};
/* End PBXVariantGroup section */

/* Begin XCBuildConfiguration section */
		5439C7DE230DDBF20048FC47 /* Debug */ = {
			isa = XCBuildConfiguration;
			buildSettings = {
				ALWAYS_SEARCH_USER_PATHS = NO;
				CLANG_ANALYZER_NONNULL = YES;
				CLANG_ANALYZER_NUMBER_OBJECT_CONVERSION = YES_AGGRESSIVE;
				CLANG_CXX_LANGUAGE_STANDARD = "gnu++14";
				CLANG_CXX_LIBRARY = "libc++";
				CLANG_ENABLE_MODULES = YES;
				CLANG_ENABLE_OBJC_ARC = YES;
				CLANG_ENABLE_OBJC_WEAK = YES;
				CLANG_WARN_BLOCK_CAPTURE_AUTORELEASING = YES;
				CLANG_WARN_BOOL_CONVERSION = YES;
				CLANG_WARN_COMMA = YES;
				CLANG_WARN_CONSTANT_CONVERSION = YES;
				CLANG_WARN_DEPRECATED_OBJC_IMPLEMENTATIONS = YES;
				CLANG_WARN_DIRECT_OBJC_ISA_USAGE = YES_ERROR;
				CLANG_WARN_DOCUMENTATION_COMMENTS = YES;
				CLANG_WARN_EMPTY_BODY = YES;
				CLANG_WARN_ENUM_CONVERSION = YES;
				CLANG_WARN_INFINITE_RECURSION = YES;
				CLANG_WARN_INT_CONVERSION = YES;
				CLANG_WARN_NON_LITERAL_NULL_CONVERSION = YES;
				CLANG_WARN_OBJC_IMPLICIT_RETAIN_SELF = YES;
				CLANG_WARN_OBJC_LITERAL_CONVERSION = YES;
				CLANG_WARN_OBJC_ROOT_CLASS = YES_ERROR;
				CLANG_WARN_RANGE_LOOP_ANALYSIS = YES;
				CLANG_WARN_STRICT_PROTOTYPES = YES;
				CLANG_WARN_SUSPICIOUS_MOVE = YES;
				CLANG_WARN_UNGUARDED_AVAILABILITY = YES_AGGRESSIVE;
				CLANG_WARN_UNREACHABLE_CODE = YES;
				CLANG_WARN__DUPLICATE_METHOD_MATCH = YES;
				CODE_SIGN_IDENTITY = "iPhone Developer";
				COPY_PHASE_STRIP = NO;
				DEBUG_INFORMATION_FORMAT = dwarf;
				ENABLE_STRICT_OBJC_MSGSEND = YES;
				ENABLE_TESTABILITY = YES;
				GCC_C_LANGUAGE_STANDARD = gnu11;
				GCC_DYNAMIC_NO_PIC = NO;
				GCC_NO_COMMON_BLOCKS = YES;
				GCC_OPTIMIZATION_LEVEL = 0;
				GCC_PREPROCESSOR_DEFINITIONS = (
					"DEBUG=1",
					"$(inherited)",
				);
				GCC_WARN_64_TO_32_BIT_CONVERSION = YES;
				GCC_WARN_ABOUT_RETURN_TYPE = YES_ERROR;
				GCC_WARN_UNDECLARED_SELECTOR = YES;
				GCC_WARN_UNINITIALIZED_AUTOS = YES_AGGRESSIVE;
				GCC_WARN_UNUSED_FUNCTION = YES;
				GCC_WARN_UNUSED_VARIABLE = YES;
				IPHONEOS_DEPLOYMENT_TARGET = 12.4;
				MTL_ENABLE_DEBUG_INFO = INCLUDE_SOURCE;
				MTL_FAST_MATH = YES;
				ONLY_ACTIVE_ARCH = YES;
				SDKROOT = iphoneos;
				SWIFT_ACTIVE_COMPILATION_CONDITIONS = DEBUG;
				SWIFT_OPTIMIZATION_LEVEL = "-Onone";
			};
			name = Debug;
		};
		5439C7DF230DDBF20048FC47 /* Release */ = {
			isa = XCBuildConfiguration;
			buildSettings = {
				ALWAYS_SEARCH_USER_PATHS = NO;
				CLANG_ANALYZER_NONNULL = YES;
				CLANG_ANALYZER_NUMBER_OBJECT_CONVERSION = YES_AGGRESSIVE;
				CLANG_CXX_LANGUAGE_STANDARD = "gnu++14";
				CLANG_CXX_LIBRARY = "libc++";
				CLANG_ENABLE_MODULES = YES;
				CLANG_ENABLE_OBJC_ARC = YES;
				CLANG_ENABLE_OBJC_WEAK = YES;
				CLANG_WARN_BLOCK_CAPTURE_AUTORELEASING = YES;
				CLANG_WARN_BOOL_CONVERSION = YES;
				CLANG_WARN_COMMA = YES;
				CLANG_WARN_CONSTANT_CONVERSION = YES;
				CLANG_WARN_DEPRECATED_OBJC_IMPLEMENTATIONS = YES;
				CLANG_WARN_DIRECT_OBJC_ISA_USAGE = YES_ERROR;
				CLANG_WARN_DOCUMENTATION_COMMENTS = YES;
				CLANG_WARN_EMPTY_BODY = YES;
				CLANG_WARN_ENUM_CONVERSION = YES;
				CLANG_WARN_INFINITE_RECURSION = YES;
				CLANG_WARN_INT_CONVERSION = YES;
				CLANG_WARN_NON_LITERAL_NULL_CONVERSION = YES;
				CLANG_WARN_OBJC_IMPLICIT_RETAIN_SELF = YES;
				CLANG_WARN_OBJC_LITERAL_CONVERSION = YES;
				CLANG_WARN_OBJC_ROOT_CLASS = YES_ERROR;
				CLANG_WARN_RANGE_LOOP_ANALYSIS = YES;
				CLANG_WARN_STRICT_PROTOTYPES = YES;
				CLANG_WARN_SUSPICIOUS_MOVE = YES;
				CLANG_WARN_UNGUARDED_AVAILABILITY = YES_AGGRESSIVE;
				CLANG_WARN_UNREACHABLE_CODE = YES;
				CLANG_WARN__DUPLICATE_METHOD_MATCH = YES;
				CODE_SIGN_IDENTITY = "iPhone Developer";
				COPY_PHASE_STRIP = NO;
				DEBUG_INFORMATION_FORMAT = "dwarf-with-dsym";
				ENABLE_NS_ASSERTIONS = NO;
				ENABLE_STRICT_OBJC_MSGSEND = YES;
				GCC_C_LANGUAGE_STANDARD = gnu11;
				GCC_NO_COMMON_BLOCKS = YES;
				GCC_WARN_64_TO_32_BIT_CONVERSION = YES;
				GCC_WARN_ABOUT_RETURN_TYPE = YES_ERROR;
				GCC_WARN_UNDECLARED_SELECTOR = YES;
				GCC_WARN_UNINITIALIZED_AUTOS = YES_AGGRESSIVE;
				GCC_WARN_UNUSED_FUNCTION = YES;
				GCC_WARN_UNUSED_VARIABLE = YES;
				IPHONEOS_DEPLOYMENT_TARGET = 12.4;
				MTL_ENABLE_DEBUG_INFO = NO;
				MTL_FAST_MATH = YES;
				SDKROOT = iphoneos;
				SWIFT_COMPILATION_MODE = wholemodule;
				SWIFT_OPTIMIZATION_LEVEL = "-O";
				VALIDATE_PRODUCT = YES;
			};
			name = Release;
		};
		5439C7E1230DDBF20048FC47 /* Debug */ = {
			isa = XCBuildConfiguration;
			buildSettings = {
				ASSETCATALOG_COMPILER_APPICON_NAME = AppIcon;
				CODE_SIGN_STYLE = Automatic;
				INFOPLIST_FILE = UwUeather/Info.plist;
				LD_RUNPATH_SEARCH_PATHS = (
					"$(inherited)",
					"@executable_path/Frameworks",
				);
				PRODUCT_BUNDLE_IDENTIFIER = nzolnoor.UwUeather;
				PRODUCT_NAME = "$(TARGET_NAME)";
				SWIFT_VERSION = 5.0;
				TARGETED_DEVICE_FAMILY = "1,2";
			};
			name = Debug;
		};
		5439C7E2230DDBF20048FC47 /* Release */ = {
			isa = XCBuildConfiguration;
			buildSettings = {
				ASSETCATALOG_COMPILER_APPICON_NAME = AppIcon;
				CODE_SIGN_STYLE = Automatic;
				INFOPLIST_FILE = UwUeather/Info.plist;
				LD_RUNPATH_SEARCH_PATHS = (
					"$(inherited)",
					"@executable_path/Frameworks",
				);
				PRODUCT_BUNDLE_IDENTIFIER = nzolnoor.UwUeather;
				PRODUCT_NAME = "$(TARGET_NAME)";
				SWIFT_VERSION = 5.0;
				TARGETED_DEVICE_FAMILY = "1,2";
			};
			name = Release;
		};
		5439C7E4230DDBF20048FC47 /* Debug */ = {
			isa = XCBuildConfiguration;
			buildSettings = {
				ALWAYS_EMBED_SWIFT_STANDARD_LIBRARIES = YES;
				BUNDLE_LOADER = "$(TEST_HOST)";
				CODE_SIGN_STYLE = Automatic;
				INFOPLIST_FILE = UwUeatherTests/Info.plist;
				LD_RUNPATH_SEARCH_PATHS = (
					"$(inherited)",
					"@executable_path/Frameworks",
					"@loader_path/Frameworks",
				);
				PRODUCT_BUNDLE_IDENTIFIER = nzolnoor.UwUeatherTests;
				PRODUCT_NAME = "$(TARGET_NAME)";
				SWIFT_VERSION = 5.0;
				TARGETED_DEVICE_FAMILY = "1,2";
				TEST_HOST = "$(BUILT_PRODUCTS_DIR)/UwUeather.app/UwUeather";
			};
			name = Debug;
		};
		5439C7E5230DDBF20048FC47 /* Release */ = {
			isa = XCBuildConfiguration;
			buildSettings = {
				ALWAYS_EMBED_SWIFT_STANDARD_LIBRARIES = YES;
				BUNDLE_LOADER = "$(TEST_HOST)";
				CODE_SIGN_STYLE = Automatic;
				INFOPLIST_FILE = UwUeatherTests/Info.plist;
				LD_RUNPATH_SEARCH_PATHS = (
					"$(inherited)",
					"@executable_path/Frameworks",
					"@loader_path/Frameworks",
				);
				PRODUCT_BUNDLE_IDENTIFIER = nzolnoor.UwUeatherTests;
				PRODUCT_NAME = "$(TARGET_NAME)";
				SWIFT_VERSION = 5.0;
				TARGETED_DEVICE_FAMILY = "1,2";
				TEST_HOST = "$(BUILT_PRODUCTS_DIR)/UwUeather.app/UwUeather";
			};
			name = Release;
		};
		5439C7E7230DDBF20048FC47 /* Debug */ = {
			isa = XCBuildConfiguration;
			buildSettings = {
				ALWAYS_EMBED_SWIFT_STANDARD_LIBRARIES = YES;
				CODE_SIGN_STYLE = Automatic;
				INFOPLIST_FILE = UwUeatherUITests/Info.plist;
				LD_RUNPATH_SEARCH_PATHS = (
					"$(inherited)",
					"@executable_path/Frameworks",
					"@loader_path/Frameworks",
				);
				PRODUCT_BUNDLE_IDENTIFIER = nzolnoor.UwUeatherUITests;
				PRODUCT_NAME = "$(TARGET_NAME)";
				SWIFT_VERSION = 5.0;
				TARGETED_DEVICE_FAMILY = "1,2";
				TEST_TARGET_NAME = UwUeather;
			};
			name = Debug;
		};
		5439C7E8230DDBF20048FC47 /* Release */ = {
			isa = XCBuildConfiguration;
			buildSettings = {
				ALWAYS_EMBED_SWIFT_STANDARD_LIBRARIES = YES;
				CODE_SIGN_STYLE = Automatic;
				INFOPLIST_FILE = UwUeatherUITests/Info.plist;
				LD_RUNPATH_SEARCH_PATHS = (
					"$(inherited)",
					"@executable_path/Frameworks",
					"@loader_path/Frameworks",
				);
				PRODUCT_BUNDLE_IDENTIFIER = nzolnoor.UwUeatherUITests;
				PRODUCT_NAME = "$(TARGET_NAME)";
				SWIFT_VERSION = 5.0;
				TARGETED_DEVICE_FAMILY = "1,2";
				TEST_TARGET_NAME = UwUeather;
			};
			name = Release;
		};
/* End XCBuildConfiguration section */

/* Begin XCConfigurationList section */
		5439C7B3230DDBF00048FC47 /* Build configuration list for PBXProject "UwUeather" */ = {
			isa = XCConfigurationList;
			buildConfigurations = (
				5439C7DE230DDBF20048FC47 /* Debug */,
				5439C7DF230DDBF20048FC47 /* Release */,
			);
			defaultConfigurationIsVisible = 0;
			defaultConfigurationName = Release;
		};
		5439C7E0230DDBF20048FC47 /* Build configuration list for PBXNativeTarget "UwUeather" */ = {
			isa = XCConfigurationList;
			buildConfigurations = (
				5439C7E1230DDBF20048FC47 /* Debug */,
				5439C7E2230DDBF20048FC47 /* Release */,
			);
			defaultConfigurationIsVisible = 0;
			defaultConfigurationName = Release;
		};
		5439C7E3230DDBF20048FC47 /* Build configuration list for PBXNativeTarget "UwUeatherTests" */ = {
			isa = XCConfigurationList;
			buildConfigurations = (
				5439C7E4230DDBF20048FC47 /* Debug */,
				5439C7E5230DDBF20048FC47 /* Release */,
			);
			defaultConfigurationIsVisible = 0;
			defaultConfigurationName = Release;
		};
		5439C7E6230DDBF20048FC47 /* Build configuration list for PBXNativeTarget "UwUeatherUITests" */ = {
			isa = XCConfigurationList;
			buildConfigurations = (
				5439C7E7230DDBF20048FC47 /* Debug */,
				5439C7E8230DDBF20048FC47 /* Release */,
			);
			defaultConfigurationIsVisible = 0;
			defaultConfigurationName = Release;
		};
/* End XCConfigurationList section */
	};
	rootObject = 5439C7B0230DDBF00048FC47 /* Project object */;
}
